
Microsoft Visual Studio Solution File, Format Version 12.00
# Visual Studio Version 16
VisualStudioVersion = 16.0.31005.135
MinimumVisualStudioVersion = 10.0.40219.1
Project("{9A19103F-16F7-4668-BE54-9A1E7A4F7556}") = "WarehouseManagement", "WarehouseManagement\WarehouseManagement.csproj", "{A837A9B9-1BE6-4C5E-A00E-14BAF3A4791B}"
EndProject
Project("{FAE04EC0-301F-11D3-BF4B-00C04F79EFBC}") = "WarehouseManagementTests", "WarehouseManagementTests\WarehouseManagementTests.csproj", "{A027C0CE-80EB-476E-9DD2-34F3F9EC09F3}"
EndProject
Global
	GlobalSection(SolutionConfigurationPlatforms) = preSolution
		Debug|Any CPU = Debug|Any CPU
		Release|Any CPU = Release|Any CPU
	EndGlobalSection
	GlobalSection(ProjectConfigurationPlatforms) = postSolution
		{A837A9B9-1BE6-4C5E-A00E-14BAF3A4791B}.Debug|Any CPU.ActiveCfg = Debug|Any CPU
		{A837A9B9-1BE6-4C5E-A00E-14BAF3A4791B}.Debug|Any CPU.Build.0 = Debug|Any CPU
		{A837A9B9-1BE6-4C5E-A00E-14BAF3A4791B}.Release|Any CPU.ActiveCfg = Release|Any CPU
		{A837A9B9-1BE6-4C5E-A00E-14BAF3A4791B}.Release|Any CPU.Build.0 = Release|Any CPU
		{A027C0CE-80EB-476E-9DD2-34F3F9EC09F3}.Debug|Any CPU.ActiveCfg = Debug|Any CPU
		{A027C0CE-80EB-476E-9DD2-34F3F9EC09F3}.Debug|Any CPU.Build.0 = Debug|Any CPU
		{A027C0CE-80EB-476E-9DD2-34F3F9EC09F3}.Release|Any CPU.ActiveCfg = Release|Any CPU
		{A027C0CE-80EB-476E-9DD2-34F3F9EC09F3}.Release|Any CPU.Build.0 = Release|Any CPU
	EndGlobalSection
	GlobalSection(SolutionProperties) = preSolution
		HideSolutionNode = FALSE
	EndGlobalSection
	GlobalSection(ExtensibilityGlobals) = postSolution
		SolutionGuid = {37A5450A-30DB-4C25-84B5-167BDD7763A4}
	EndGlobalSection
EndGlobal
